
Microsoft Visual Studio Solution File, Format Version 12.00
# Visual Studio Version 16
VisualStudioVersion = 16.0.30413.136
MinimumVisualStudioVersion = 10.0.40219.1
Project("{8BC9CEB8-8B4A-11D0-8D11-00A0C91BC942}") = "t_ea", "t_ea.vcxproj", "{D5A591D5-2970-4BAE-92D4-1047423CFD27}"
EndProject
Global
	GlobalSection(SolutionConfigurationPlatforms) = preSolution
		Debug|x64 = Debug|x64
		Debug|x86 = Debug|x86
		Release|x64 = Release|x64
		Release|x86 = Release|x86
	EndGlobalSection
	GlobalSection(ProjectConfigurationPlatforms) = postSolution
		{D5A591D5-2970-4BAE-92D4-1047423CFD27}.Debug|x64.ActiveCfg = Debug|x64
		{D5A591D5-2970-4BAE-92D4-1047423CFD27}.Debug|x64.Build.0 = Debug|x64
		{D5A591D5-2970-4BAE-92D4-1047423CFD27}.Debug|x86.ActiveCfg = Debug|Win32
		{D5A591D5-2970-4BAE-92D4-1047423CFD27}.Debug|x86.Build.0 = Debug|Win32
		{D5A591D5-2970-4BAE-92D4-1047423CFD27}.Release|x64.ActiveCfg = Release|x64
		{D5A591D5-2970-4BAE-92D4-1047423CFD27}.Release|x64.Build.0 = Release|x64
		{D5A591D5-2970-4BAE-92D4-1047423CFD27}.Release|x86.ActiveCfg = Release|Win32
		{D5A591D5-2970-4BAE-92D4-1047423CFD27}.Release|x86.Build.0 = Release|Win32
	EndGlobalSection
	GlobalSection(SolutionProperties) = preSolution
		HideSolutionNode = FALSE
	EndGlobalSection
	GlobalSection(ExtensibilityGlobals) = postSolution
		SolutionGuid = {0A239272-0BF9-4FDC-B8C1-34C451B84FF9}
	EndGlobalSection
EndGlobal
